{
    "version": 3,
    "terraform_version": "0.9.5",
    "serial": 26,
    "lineage": "a03f75c1-4cf4-4885-aafb-ba9a1a8cb553",
    "modules": [
        {
            "path": [
                "root"
            ],
            "outputs": {},
            "resources": {
                "hypercloud_compute.compute-001": {
                    "type": "hypercloud_compute",
                    "depends_on": [],
                    "primary": {
                        "id": "402881905c1339a7015c1410aa7701b7",
                        "attributes": {
                            "Blueprint-ID": "402881905c0e96c2015c0ea31b370019",
                            "IP": "",
                            "Name": "im-13o",
                            "Status": "PROVISIONING",
                            "id": "402881905c1339a7015c1410aa7701b7"
                        },
                        "meta": {},
                        "tainted": false
                    },
                    "deposed": [],
                    "provider": ""
                }
            },
            "depends_on": []
        }
    ]
}
